
Microsoft Visual Studio Solution File, Format Version 12.00
# Visual Studio Version 16
VisualStudioVersion = 16.0.29519.87
MinimumVisualStudioVersion = 10.0.40219.1
Project("{2150E333-8FDC-42A3-9474-1A3956D46DE8}") = "Server", "Server", "{A6CBCB6C-02B9-4702-AABD-7DAEB3E4D285}"
EndProject
Project("{9A19103F-16F7-4668-BE54-9A1E7A4F7556}") = "ProductivityTools.Meetings.WebApi", "src\Server\ProductivityTools.Meetings.WebApi\ProductivityTools.Meetings.WebApi.csproj", "{AF463E0F-0E55-4F48-9E8E-233AAB83FF15}"
EndProject
Project("{2150E333-8FDC-42A3-9474-1A3956D46DE8}") = "Common", "Common", "{A4F031FB-387D-468A-B39F-7FC26143C5C4}"
EndProject
Project("{9A19103F-16F7-4668-BE54-9A1E7A4F7556}") = "ProductivityTools.Meetings.CoreObjects", "src\Common\ProductivityTools.Meetings.CoreObjects\ProductivityTools.Meetings.CoreObjects.csproj", "{0443DA69-6DCA-4CE9-AB69-79362AA77E1F}"
EndProject
Project("{2150E333-8FDC-42A3-9474-1A3956D46DE8}") = "Client", "Client", "{D02DF10D-BF1E-4544-B53F-427FDB95AFD6}"
EndProject
Project("{9A19103F-16F7-4668-BE54-9A1E7A4F7556}") = "ProductivityTools.Meetings.WpfClient", "src\Client\ProductivityTools.Meetings.WpfClient\ProductivityTools.Meetings.WpfClient.csproj", "{0899C424-E202-43CF-80E0-352BF484093B}"
EndProject
Project("{9A19103F-16F7-4668-BE54-9A1E7A4F7556}") = "ProductivityTools.Meetings.ClientCaller", "ProductivityTools.Meetings.ClientCaller\ProductivityTools.Meetings.ClientCaller.csproj", "{E649A32E-F081-42DF-BCB3-169873E3322C}"
EndProject
Project("{9A19103F-16F7-4668-BE54-9A1E7A4F7556}") = "ProducvitityTools.Meetings.Queries", "src\Server\ProducvitityTools.Meetings.Queries\ProducvitityTools.Meetings.Queries.csproj", "{F5264BC6-655D-4811-A5DA-21173CDA64B3}"
EndProject
Project("{9A19103F-16F7-4668-BE54-9A1E7A4F7556}") = "ProductivityTools.Meetings.Database", "ProductivityTools.Meetings.Database\ProductivityTools.Meetings.Database.csproj", "{65D1D826-A9B1-4F81-9571-667ACC3B18A8}"
EndProject
Project("{9A19103F-16F7-4668-BE54-9A1E7A4F7556}") = "ProducvitityTools.Meetings.Commands", "src\Server\ProducvitityTools.Meetings.Commands\ProducvitityTools.Meetings.Commands.csproj", "{DEBE5225-83BF-4E96-9FEE-3BAAEF704D9B}"
EndProject
Project("{FAE04EC0-301F-11D3-BF4B-00C04F79EFBC}") = "ProductivityTools.Meetings.DatabaseMigrations", "src\Server\ProductivityTools.Meetings.DatabaseMigrations\ProductivityTools.Meetings.DatabaseMigrations.csproj", "{C2DB3106-4BD1-40FA-B999-55FE8EB2E0BE}"
EndProject
Global
	GlobalSection(SolutionConfigurationPlatforms) = preSolution
		Debug|Any CPU = Debug|Any CPU
		Release|Any CPU = Release|Any CPU
	EndGlobalSection
	GlobalSection(ProjectConfigurationPlatforms) = postSolution
		{AF463E0F-0E55-4F48-9E8E-233AAB83FF15}.Debug|Any CPU.ActiveCfg = Debug|Any CPU
		{AF463E0F-0E55-4F48-9E8E-233AAB83FF15}.Debug|Any CPU.Build.0 = Debug|Any CPU
		{AF463E0F-0E55-4F48-9E8E-233AAB83FF15}.Release|Any CPU.ActiveCfg = Release|Any CPU
		{AF463E0F-0E55-4F48-9E8E-233AAB83FF15}.Release|Any CPU.Build.0 = Release|Any CPU
		{0443DA69-6DCA-4CE9-AB69-79362AA77E1F}.Debug|Any CPU.ActiveCfg = Debug|Any CPU
		{0443DA69-6DCA-4CE9-AB69-79362AA77E1F}.Debug|Any CPU.Build.0 = Debug|Any CPU
		{0443DA69-6DCA-4CE9-AB69-79362AA77E1F}.Release|Any CPU.ActiveCfg = Release|Any CPU
		{0443DA69-6DCA-4CE9-AB69-79362AA77E1F}.Release|Any CPU.Build.0 = Release|Any CPU
		{0899C424-E202-43CF-80E0-352BF484093B}.Debug|Any CPU.ActiveCfg = Debug|Any CPU
		{0899C424-E202-43CF-80E0-352BF484093B}.Debug|Any CPU.Build.0 = Debug|Any CPU
		{0899C424-E202-43CF-80E0-352BF484093B}.Release|Any CPU.ActiveCfg = Release|Any CPU
		{0899C424-E202-43CF-80E0-352BF484093B}.Release|Any CPU.Build.0 = Release|Any CPU
		{E649A32E-F081-42DF-BCB3-169873E3322C}.Debug|Any CPU.ActiveCfg = Debug|Any CPU
		{E649A32E-F081-42DF-BCB3-169873E3322C}.Debug|Any CPU.Build.0 = Debug|Any CPU
		{E649A32E-F081-42DF-BCB3-169873E3322C}.Release|Any CPU.ActiveCfg = Release|Any CPU
		{E649A32E-F081-42DF-BCB3-169873E3322C}.Release|Any CPU.Build.0 = Release|Any CPU
		{F5264BC6-655D-4811-A5DA-21173CDA64B3}.Debug|Any CPU.ActiveCfg = Debug|Any CPU
		{F5264BC6-655D-4811-A5DA-21173CDA64B3}.Debug|Any CPU.Build.0 = Debug|Any CPU
		{F5264BC6-655D-4811-A5DA-21173CDA64B3}.Release|Any CPU.ActiveCfg = Release|Any CPU
		{F5264BC6-655D-4811-A5DA-21173CDA64B3}.Release|Any CPU.Build.0 = Release|Any CPU
		{65D1D826-A9B1-4F81-9571-667ACC3B18A8}.Debug|Any CPU.ActiveCfg = Debug|Any CPU
		{65D1D826-A9B1-4F81-9571-667ACC3B18A8}.Debug|Any CPU.Build.0 = Debug|Any CPU
		{65D1D826-A9B1-4F81-9571-667ACC3B18A8}.Release|Any CPU.ActiveCfg = Release|Any CPU
		{65D1D826-A9B1-4F81-9571-667ACC3B18A8}.Release|Any CPU.Build.0 = Release|Any CPU
		{DEBE5225-83BF-4E96-9FEE-3BAAEF704D9B}.Debug|Any CPU.ActiveCfg = Debug|Any CPU
		{DEBE5225-83BF-4E96-9FEE-3BAAEF704D9B}.Debug|Any CPU.Build.0 = Debug|Any CPU
		{DEBE5225-83BF-4E96-9FEE-3BAAEF704D9B}.Release|Any CPU.ActiveCfg = Release|Any CPU
		{DEBE5225-83BF-4E96-9FEE-3BAAEF704D9B}.Release|Any CPU.Build.0 = Release|Any CPU
		{C2DB3106-4BD1-40FA-B999-55FE8EB2E0BE}.Debug|Any CPU.ActiveCfg = Debug|Any CPU
		{C2DB3106-4BD1-40FA-B999-55FE8EB2E0BE}.Debug|Any CPU.Build.0 = Debug|Any CPU
		{C2DB3106-4BD1-40FA-B999-55FE8EB2E0BE}.Release|Any CPU.ActiveCfg = Release|Any CPU
		{C2DB3106-4BD1-40FA-B999-55FE8EB2E0BE}.Release|Any CPU.Build.0 = Release|Any CPU
	EndGlobalSection
	GlobalSection(SolutionProperties) = preSolution
		HideSolutionNode = FALSE
	EndGlobalSection
	GlobalSection(NestedProjects) = preSolution
		{AF463E0F-0E55-4F48-9E8E-233AAB83FF15} = {A6CBCB6C-02B9-4702-AABD-7DAEB3E4D285}
		{0443DA69-6DCA-4CE9-AB69-79362AA77E1F} = {A4F031FB-387D-468A-B39F-7FC26143C5C4}
		{0899C424-E202-43CF-80E0-352BF484093B} = {D02DF10D-BF1E-4544-B53F-427FDB95AFD6}
		{E649A32E-F081-42DF-BCB3-169873E3322C} = {D02DF10D-BF1E-4544-B53F-427FDB95AFD6}
		{F5264BC6-655D-4811-A5DA-21173CDA64B3} = {A6CBCB6C-02B9-4702-AABD-7DAEB3E4D285}
		{65D1D826-A9B1-4F81-9571-667ACC3B18A8} = {A6CBCB6C-02B9-4702-AABD-7DAEB3E4D285}
		{DEBE5225-83BF-4E96-9FEE-3BAAEF704D9B} = {A6CBCB6C-02B9-4702-AABD-7DAEB3E4D285}
		{C2DB3106-4BD1-40FA-B999-55FE8EB2E0BE} = {A6CBCB6C-02B9-4702-AABD-7DAEB3E4D285}
	EndGlobalSection
	GlobalSection(ExtensibilityGlobals) = postSolution
		SolutionGuid = {D37192C2-AFF3-4ACB-BB59-9BA332B0BCD8}
	EndGlobalSection
EndGlobal
